# THIS IS AN AUTOGENERATED FILE. DO NOT EDIT THIS FILE DIRECTLY.
# yarn lockfile v1


"@looker/chatty@^2.3.10":
  version "2.3.10"
  resolved "https://registry.yarnpkg.com/@looker/chatty/-/chatty-2.3.10.tgz#b2aac81478eb22be2d5815f6e2e0a869b158fc8c"
  integrity sha512-peKVQCmlpPQ1DquUQ7uYk5cku3YWgR0YhDuJ2/Pes4hXIzGDmePe+P4R6sN4lFMJT+9w3iUi9eDb3W+nG8uErw==
  dependencies:
    core-js "^3.6.4"
    debug "^2.2.0"
    es6-promise "^4.2.8"

"@looker/embed-sdk@^2.0.6":
  version "2.0.6"
  resolved "https://registry.yarnpkg.com/@looker/embed-sdk/-/embed-sdk-2.0.6.tgz#70e510ab3d81d306a1e03edeab547bff31500ca0"
  integrity sha512-ct6a6r+VcMEbDH1YTDMACTTujk8oXOD6Si9LZj/6XfY4rrMFQI/Eku5CD6g6DXf7Ry+CkZ0cMsG5sl7rCLoMsg==
  dependencies:
    "@looker/chatty" "^2.3.10"
    "@typescript/lib-dom" "npm:@types/web"

"@typescript/lib-dom@npm:@types/web":
  version "0.0.265"
  resolved "https://registry.yarnpkg.com/@types/web/-/web-0.0.265.tgz#ca9da117b3b034a4128bdb1d699df7fd9fe5a500"
  integrity sha512-5XdBLVywmNBrEqOCeR+tfK6xi3N5mFGUEvckFJ5PYuqtDnro0qVJJvPW84KlWMus7PRu0R5kdlMRvSvwQ9+ENw==

core-js@^3.6.4:
  version "3.45.1"
  resolved "https://registry.yarnpkg.com/core-js/-/core-js-3.45.1.tgz#5810e04a1b4e9bc5ddaa4dd12e702ff67300634d"
  integrity sha512-L4NPsJlCfZsPeXukyzHFlg/i7IIVwHSItR0wg0FLNqYClJ4MQYTYLbC7EkjKYRLZF2iof2MUgN0EGy7MdQFChg==

debug@^2.2.0:
  version "2.6.9"
  resolved "https://registry.yarnpkg.com/debug/-/debug-2.6.9.tgz#5d128515df134ff327e90a4c93f4e077a536341f"
  integrity sha512-bC7ElrdJaJnPbAP+1EotYvqZsb3ecl5wi6Bfi6BJTUcNowp6cvspg0jXznRTKDjm/E7AdgFBVeAPVMNcKGsHMA==
  dependencies:
    ms "2.0.0"

es6-promise@^4.2.8:
  version "4.2.8"
  resolved "https://registry.yarnpkg.com/es6-promise/-/es6-promise-4.2.8.tgz#4eb21594c972bc40553d276e510539143db53e0a"
  integrity sha512-HJDGx5daxeIvxdBxvG2cb9g4tEvwIk3i8+nhX0yGrYmZUzbkdg8QbDevheDB8gd0//uPj4c1EQua8Q+MViT0/w==

ms@2.0.0:
  version "2.0.0"
  resolved "https://registry.yarnpkg.com/ms/-/ms-2.0.0.tgz#5608aeadfc00be6c2901df5f9861788de0d597c8"
  integrity sha512-Tpp60P6IUJDTuOq/5Z8cdskzJujfwqfOTkrwIwj7IRISpnkJnT6SyJ4PCPnGMoFjC9ddhal5KVIYtAt97ix05A==
